
Microsoft Visual Studio Solution File, Format Version 12.00
# Visual Studio Version 16
VisualStudioVersion = 16.0.31624.102
MinimumVisualStudioVersion = 10.0.40219.1
Project("{9A19103F-16F7-4668-BE54-9A1E7A4F7556}") = "Entidades", "Entidades\Entidades.csproj", "{CB038639-9D4A-4B93-99CE-4E1BB42FB9D9}"
EndProject
Project("{FAE04EC0-301F-11D3-BF4B-00C04F79EFBC}") = "SegurosUI", "SegurosUI\SegurosUI.csproj", "{7554C9C3-25C5-43F4-89A3-D765E8FB712E}"
EndProject
Global
	GlobalSection(SolutionConfigurationPlatforms) = preSolution
		Debug|Any CPU = Debug|Any CPU
		Release|Any CPU = Release|Any CPU
	EndGlobalSection
	GlobalSection(ProjectConfigurationPlatforms) = postSolution
		{CB038639-9D4A-4B93-99CE-4E1BB42FB9D9}.Debug|Any CPU.ActiveCfg = Debug|Any CPU
		{CB038639-9D4A-4B93-99CE-4E1BB42FB9D9}.Debug|Any CPU.Build.0 = Debug|Any CPU
		{CB038639-9D4A-4B93-99CE-4E1BB42FB9D9}.Release|Any CPU.ActiveCfg = Release|Any CPU
		{CB038639-9D4A-4B93-99CE-4E1BB42FB9D9}.Release|Any CPU.Build.0 = Release|Any CPU
		{7554C9C3-25C5-43F4-89A3-D765E8FB712E}.Debug|Any CPU.ActiveCfg = Debug|Any CPU
		{7554C9C3-25C5-43F4-89A3-D765E8FB712E}.Debug|Any CPU.Build.0 = Debug|Any CPU
		{7554C9C3-25C5-43F4-89A3-D765E8FB712E}.Release|Any CPU.ActiveCfg = Release|Any CPU
		{7554C9C3-25C5-43F4-89A3-D765E8FB712E}.Release|Any CPU.Build.0 = Release|Any CPU
	EndGlobalSection
	GlobalSection(SolutionProperties) = preSolution
		HideSolutionNode = FALSE
	EndGlobalSection
	GlobalSection(ExtensibilityGlobals) = postSolution
		SolutionGuid = {DE7F35A1-92CE-4852-BBDB-B2E210CF8669}
	EndGlobalSection
EndGlobal
