
Microsoft Visual Studio Solution File, Format Version 12.00
# Visual Studio Version 16
VisualStudioVersion = 16.0.31624.102
MinimumVisualStudioVersion = 10.0.40219.1
Project("{FAE04EC0-301F-11D3-BF4B-00C04F79EFBC}") = "Entidades", "Entidades\Entidades.csproj", "{6AC44AF6-A461-49B9-9C54-FC362A5E81E9}"
EndProject
Project("{FAE04EC0-301F-11D3-BF4B-00C04F79EFBC}") = "MiCalculadora", "MiCalculadora\MiCalculadora.csproj", "{EC8A436C-FB92-4732-836B-655F516D5848}"
EndProject
Global
	GlobalSection(SolutionConfigurationPlatforms) = preSolution
		Debug|Any CPU = Debug|Any CPU
		Release|Any CPU = Release|Any CPU
	EndGlobalSection
	GlobalSection(ProjectConfigurationPlatforms) = postSolution
		{6AC44AF6-A461-49B9-9C54-FC362A5E81E9}.Debug|Any CPU.ActiveCfg = Debug|Any CPU
		{6AC44AF6-A461-49B9-9C54-FC362A5E81E9}.Debug|Any CPU.Build.0 = Debug|Any CPU
		{6AC44AF6-A461-49B9-9C54-FC362A5E81E9}.Release|Any CPU.ActiveCfg = Release|Any CPU
		{6AC44AF6-A461-49B9-9C54-FC362A5E81E9}.Release|Any CPU.Build.0 = Release|Any CPU
		{EC8A436C-FB92-4732-836B-655F516D5848}.Debug|Any CPU.ActiveCfg = Debug|Any CPU
		{EC8A436C-FB92-4732-836B-655F516D5848}.Debug|Any CPU.Build.0 = Debug|Any CPU
		{EC8A436C-FB92-4732-836B-655F516D5848}.Release|Any CPU.ActiveCfg = Release|Any CPU
		{EC8A436C-FB92-4732-836B-655F516D5848}.Release|Any CPU.Build.0 = Release|Any CPU
	EndGlobalSection
	GlobalSection(SolutionProperties) = preSolution
		HideSolutionNode = FALSE
	EndGlobalSection
	GlobalSection(ExtensibilityGlobals) = postSolution
		SolutionGuid = {EE62EC49-4FCE-420B-9C40-9DA3ACAF672E}
	EndGlobalSection
EndGlobal
